Microsoft Visual Studio Solution File, Format Version 11.00
# Visual Studio 2008

Project("{8405B801-93F6-9B65-8BB0-B46E03ADEA4A}") = "fyp - Copy", "Assembly-CSharp.csproj", "{B070E384-A924-9D13-E7A0-8885FD7C7EE7}"
EndProject
Global
	GlobalSection(SolutionConfigurationPlatforms) = preSolution
		Debug|Any CPU = Debug|Any CPU
		Release|Any CPU = Release|Any CPU
	EndGlobalSection
	GlobalSection(ProjectConfigurationPlatforms) = postSolution
		{B070E384-A924-9D13-E7A0-8885FD7C7EE7}.Debug|Any CPU.ActiveCfg = Debug|Any CPU
		{B070E384-A924-9D13-E7A0-8885FD7C7EE7}.Debug|Any CPU.Build.0 = Debug|Any CPU
		{B070E384-A924-9D13-E7A0-8885FD7C7EE7}.Release|Any CPU.ActiveCfg = Release|Any CPU
		{B070E384-A924-9D13-E7A0-8885FD7C7EE7}.Release|Any CPU.Build.0 = Release|Any CPU
	EndGlobalSection
	GlobalSection(SolutionProperties) = preSolution
		HideSolutionNode = FALSE
	EndGlobalSection
	GlobalSection(MonoDevelopProperties) = preSolution
		StartupItem = Assembly-CSharp.csproj
	EndGlobalSection
EndGlobal
